
Microsoft Visual Studio Solution File, Format Version 12.00
# Visual Studio Express 15 for Windows Desktop
VisualStudioVersion = 15.0.27703.2047
MinimumVisualStudioVersion = 10.0.40219.1
Project("{FAE04EC0-301F-11D3-BF4B-00C04F79EFBC}") = "FloppyBird", "FloppyBird\FloppyBird.csproj", "{C3807C29-94F6-45CC-B5C2-657E80547C12}"
EndProject
Global
	GlobalSection(SolutionConfigurationPlatforms) = preSolution
		Debug|Any CPU = Debug|Any CPU
		Release|Any CPU = Release|Any CPU
	EndGlobalSection
	GlobalSection(ProjectConfigurationPlatforms) = postSolution
		{C3807C29-94F6-45CC-B5C2-657E80547C12}.Debug|Any CPU.ActiveCfg = Debug|Any CPU
		{C3807C29-94F6-45CC-B5C2-657E80547C12}.Debug|Any CPU.Build.0 = Debug|Any CPU
		{C3807C29-94F6-45CC-B5C2-657E80547C12}.Release|Any CPU.ActiveCfg = Release|Any CPU
		{C3807C29-94F6-45CC-B5C2-657E80547C12}.Release|Any CPU.Build.0 = Release|Any CPU
	EndGlobalSection
	GlobalSection(SolutionProperties) = preSolution
		HideSolutionNode = FALSE
	EndGlobalSection
	GlobalSection(ExtensibilityGlobals) = postSolution
		SolutionGuid = {C742D55B-9768-4B08-A701-FC4B54239800}
	EndGlobalSection
EndGlobal
